
Microsoft Visual Studio Solution File, Format Version 12.00
# Visual Studio Version 17
VisualStudioVersion = 17.7.34202.233
MinimumVisualStudioVersion = 10.0.40219.1
Project("{FAE04EC0-301F-11D3-BF4B-00C04F79EFBC}") = "genericByte++", "genericByte++\genericByte++.csproj", "{777C9BCE-D487-47B9-8BC3-0932FFB81B95}"
EndProject
Global
	GlobalSection(SolutionConfigurationPlatforms) = preSolution
		Debug|Any CPU = Debug|Any CPU
		Release|Any CPU = Release|Any CPU
	EndGlobalSection
	GlobalSection(ProjectConfigurationPlatforms) = postSolution
		{777C9BCE-D487-47B9-8BC3-0932FFB81B95}.Debug|Any CPU.ActiveCfg = Debug|Any CPU
		{777C9BCE-D487-47B9-8BC3-0932FFB81B95}.Debug|Any CPU.Build.0 = Debug|Any CPU
		{777C9BCE-D487-47B9-8BC3-0932FFB81B95}.Release|Any CPU.ActiveCfg = Release|Any CPU
		{777C9BCE-D487-47B9-8BC3-0932FFB81B95}.Release|Any CPU.Build.0 = Release|Any CPU
	EndGlobalSection
	GlobalSection(SolutionProperties) = preSolution
		HideSolutionNode = FALSE
	EndGlobalSection
	GlobalSection(ExtensibilityGlobals) = postSolution
		SolutionGuid = {295CDDA7-BD23-42C6-A909-E792C61190D1}
	EndGlobalSection
EndGlobal
