
Microsoft Visual Studio Solution File, Format Version 12.00
# Visual Studio Version 17
VisualStudioVersion = 17.7.34202.233
MinimumVisualStudioVersion = 10.0.40219.1
Project("{FAE04EC0-301F-11D3-BF4B-00C04F79EFBC}") = "async", "async\async.csproj", "{A5C0B236-501B-45BF-8698-26EFE9321BDA}"
EndProject
Global
	GlobalSection(SolutionConfigurationPlatforms) = preSolution
		Debug|Any CPU = Debug|Any CPU
		Release|Any CPU = Release|Any CPU
	EndGlobalSection
	GlobalSection(ProjectConfigurationPlatforms) = postSolution
		{A5C0B236-501B-45BF-8698-26EFE9321BDA}.Debug|Any CPU.ActiveCfg = Debug|Any CPU
		{A5C0B236-501B-45BF-8698-26EFE9321BDA}.Debug|Any CPU.Build.0 = Debug|Any CPU
		{A5C0B236-501B-45BF-8698-26EFE9321BDA}.Release|Any CPU.ActiveCfg = Release|Any CPU
		{A5C0B236-501B-45BF-8698-26EFE9321BDA}.Release|Any CPU.Build.0 = Release|Any CPU
	EndGlobalSection
	GlobalSection(SolutionProperties) = preSolution
		HideSolutionNode = FALSE
	EndGlobalSection
	GlobalSection(ExtensibilityGlobals) = postSolution
		SolutionGuid = {62F43FEF-3CF3-4AF9-867F-F3F6A633A9BB}
	EndGlobalSection
EndGlobal
