
Microsoft Visual Studio Solution File, Format Version 12.00
# Visual Studio Version 17
VisualStudioVersion = 17.7.34202.233
MinimumVisualStudioVersion = 10.0.40219.1
Project("{FAE04EC0-301F-11D3-BF4B-00C04F79EFBC}") = "lec7_14.11.2023", "lec7_14.11.2023\lec7_14.11.2023.csproj", "{22A5B3BD-29BD-4EC6-BFDF-BCDC0B6D2511}"
EndProject
Global
	GlobalSection(SolutionConfigurationPlatforms) = preSolution
		Debug|Any CPU = Debug|Any CPU
		Release|Any CPU = Release|Any CPU
	EndGlobalSection
	GlobalSection(ProjectConfigurationPlatforms) = postSolution
		{22A5B3BD-29BD-4EC6-BFDF-BCDC0B6D2511}.Debug|Any CPU.ActiveCfg = Debug|Any CPU
		{22A5B3BD-29BD-4EC6-BFDF-BCDC0B6D2511}.Debug|Any CPU.Build.0 = Debug|Any CPU
		{22A5B3BD-29BD-4EC6-BFDF-BCDC0B6D2511}.Release|Any CPU.ActiveCfg = Release|Any CPU
		{22A5B3BD-29BD-4EC6-BFDF-BCDC0B6D2511}.Release|Any CPU.Build.0 = Release|Any CPU
	EndGlobalSection
	GlobalSection(SolutionProperties) = preSolution
		HideSolutionNode = FALSE
	EndGlobalSection
	GlobalSection(ExtensibilityGlobals) = postSolution
		SolutionGuid = {45B7B530-E86F-4578-AD91-E671CEDBECB8}
	EndGlobalSection
EndGlobal
