
Microsoft Visual Studio Solution File, Format Version 12.00
# Visual Studio Version 17
VisualStudioVersion = 17.7.34202.233
MinimumVisualStudioVersion = 10.0.40219.1
Project("{FAE04EC0-301F-11D3-BF4B-00C04F79EFBC}") = "les.30.12", "les.30.12\les.30.12.csproj", "{AF6833A7-6346-4FC3-8C31-5D247E9B6113}"
EndProject
Global
	GlobalSection(SolutionConfigurationPlatforms) = preSolution
		Debug|Any CPU = Debug|Any CPU
		Release|Any CPU = Release|Any CPU
	EndGlobalSection
	GlobalSection(ProjectConfigurationPlatforms) = postSolution
		{AF6833A7-6346-4FC3-8C31-5D247E9B6113}.Debug|Any CPU.ActiveCfg = Debug|Any CPU
		{AF6833A7-6346-4FC3-8C31-5D247E9B6113}.Debug|Any CPU.Build.0 = Debug|Any CPU
		{AF6833A7-6346-4FC3-8C31-5D247E9B6113}.Release|Any CPU.ActiveCfg = Release|Any CPU
		{AF6833A7-6346-4FC3-8C31-5D247E9B6113}.Release|Any CPU.Build.0 = Release|Any CPU
	EndGlobalSection
	GlobalSection(SolutionProperties) = preSolution
		HideSolutionNode = FALSE
	EndGlobalSection
	GlobalSection(ExtensibilityGlobals) = postSolution
		SolutionGuid = {D39864A7-9D05-4DD9-B302-7B7E3C941778}
	EndGlobalSection
EndGlobal
