
Microsoft Visual Studio Solution File, Format Version 12.00
# Visual Studio Version 17
VisualStudioVersion = 17.7.34202.233
MinimumVisualStudioVersion = 10.0.40219.1
Project("{FAE04EC0-301F-11D3-BF4B-00C04F79EFBC}") = "lec11", "lec11\lec11.csproj", "{542AE9C8-A72C-4836-A0B9-EE48F55C4810}"
EndProject
Global
	GlobalSection(SolutionConfigurationPlatforms) = preSolution
		Debug|Any CPU = Debug|Any CPU
		Release|Any CPU = Release|Any CPU
	EndGlobalSection
	GlobalSection(ProjectConfigurationPlatforms) = postSolution
		{542AE9C8-A72C-4836-A0B9-EE48F55C4810}.Debug|Any CPU.ActiveCfg = Debug|Any CPU
		{542AE9C8-A72C-4836-A0B9-EE48F55C4810}.Debug|Any CPU.Build.0 = Debug|Any CPU
		{542AE9C8-A72C-4836-A0B9-EE48F55C4810}.Release|Any CPU.ActiveCfg = Release|Any CPU
		{542AE9C8-A72C-4836-A0B9-EE48F55C4810}.Release|Any CPU.Build.0 = Release|Any CPU
	EndGlobalSection
	GlobalSection(SolutionProperties) = preSolution
		HideSolutionNode = FALSE
	EndGlobalSection
	GlobalSection(ExtensibilityGlobals) = postSolution
		SolutionGuid = {C9E278FA-5C19-43C4-AA53-D86CA5CD4BB1}
	EndGlobalSection
EndGlobal
