
Microsoft Visual Studio Solution File, Format Version 12.00
# Visual Studio Version 17
VisualStudioVersion = 17.7.34202.233
MinimumVisualStudioVersion = 10.0.40219.1
Project("{FAE04EC0-301F-11D3-BF4B-00C04F79EFBC}") = "lec8", "lec8\lec8.csproj", "{1E20883C-A5CA-4305-92F4-217960F89756}"
EndProject
Global
	GlobalSection(SolutionConfigurationPlatforms) = preSolution
		Debug|Any CPU = Debug|Any CPU
		Release|Any CPU = Release|Any CPU
	EndGlobalSection
	GlobalSection(ProjectConfigurationPlatforms) = postSolution
		{1E20883C-A5CA-4305-92F4-217960F89756}.Debug|Any CPU.ActiveCfg = Debug|Any CPU
		{1E20883C-A5CA-4305-92F4-217960F89756}.Debug|Any CPU.Build.0 = Debug|Any CPU
		{1E20883C-A5CA-4305-92F4-217960F89756}.Release|Any CPU.ActiveCfg = Release|Any CPU
		{1E20883C-A5CA-4305-92F4-217960F89756}.Release|Any CPU.Build.0 = Release|Any CPU
	EndGlobalSection
	GlobalSection(SolutionProperties) = preSolution
		HideSolutionNode = FALSE
	EndGlobalSection
	GlobalSection(ExtensibilityGlobals) = postSolution
		SolutionGuid = {34BBED2D-591C-4E63-B13C-286AC2736AD9}
	EndGlobalSection
EndGlobal
