
Microsoft Visual Studio Solution File, Format Version 12.00
# Visual Studio Version 17
VisualStudioVersion = 17.7.34202.233
MinimumVisualStudioVersion = 10.0.40219.1
Project("{FAE04EC0-301F-11D3-BF4B-00C04F79EFBC}") = "linq", "linq\linq.csproj", "{529D2345-5DA9-4B31-8609-98DB106E916F}"
EndProject
Global
	GlobalSection(SolutionConfigurationPlatforms) = preSolution
		Debug|Any CPU = Debug|Any CPU
		Release|Any CPU = Release|Any CPU
	EndGlobalSection
	GlobalSection(ProjectConfigurationPlatforms) = postSolution
		{529D2345-5DA9-4B31-8609-98DB106E916F}.Debug|Any CPU.ActiveCfg = Debug|Any CPU
		{529D2345-5DA9-4B31-8609-98DB106E916F}.Debug|Any CPU.Build.0 = Debug|Any CPU
		{529D2345-5DA9-4B31-8609-98DB106E916F}.Release|Any CPU.ActiveCfg = Release|Any CPU
		{529D2345-5DA9-4B31-8609-98DB106E916F}.Release|Any CPU.Build.0 = Release|Any CPU
	EndGlobalSection
	GlobalSection(SolutionProperties) = preSolution
		HideSolutionNode = FALSE
	EndGlobalSection
	GlobalSection(ExtensibilityGlobals) = postSolution
		SolutionGuid = {F083A652-10FE-4BBA-A88F-389E93401D11}
	EndGlobalSection
EndGlobal
