
Microsoft Visual Studio Solution File, Format Version 12.00
# Visual Studio Version 17
VisualStudioVersion = 17.8.34330.188
MinimumVisualStudioVersion = 10.0.40219.1
Project("{9A19103F-16F7-4668-BE54-9A1E7A4F7556}") = "NetMessanger", "NetMessanger\NetMessanger.csproj", "{3FFFB8CD-9173-41EC-932A-A2FF12B1B69E}"
EndProject
Project("{9A19103F-16F7-4668-BE54-9A1E7A4F7556}") = "Server", "Server\Server.csproj", "{634BA3CA-C733-4C0F-B16E-18C043F13327}"
EndProject
Project("{FAE04EC0-301F-11D3-BF4B-00C04F79EFBC}") = "NetClient", "NetClient\NetClient.csproj", "{6D1FD497-F8D6-4C4F-B1D3-FA07C41F9CCC}"
EndProject
Global
	GlobalSection(SolutionConfigurationPlatforms) = preSolution
		Debug|Any CPU = Debug|Any CPU
		Release|Any CPU = Release|Any CPU
	EndGlobalSection
	GlobalSection(ProjectConfigurationPlatforms) = postSolution
		{3FFFB8CD-9173-41EC-932A-A2FF12B1B69E}.Debug|Any CPU.ActiveCfg = Debug|Any CPU
		{3FFFB8CD-9173-41EC-932A-A2FF12B1B69E}.Debug|Any CPU.Build.0 = Debug|Any CPU
		{3FFFB8CD-9173-41EC-932A-A2FF12B1B69E}.Release|Any CPU.ActiveCfg = Release|Any CPU
		{3FFFB8CD-9173-41EC-932A-A2FF12B1B69E}.Release|Any CPU.Build.0 = Release|Any CPU
		{634BA3CA-C733-4C0F-B16E-18C043F13327}.Debug|Any CPU.ActiveCfg = Debug|Any CPU
		{634BA3CA-C733-4C0F-B16E-18C043F13327}.Debug|Any CPU.Build.0 = Debug|Any CPU
		{634BA3CA-C733-4C0F-B16E-18C043F13327}.Release|Any CPU.ActiveCfg = Release|Any CPU
		{634BA3CA-C733-4C0F-B16E-18C043F13327}.Release|Any CPU.Build.0 = Release|Any CPU
		{6D1FD497-F8D6-4C4F-B1D3-FA07C41F9CCC}.Debug|Any CPU.ActiveCfg = Debug|Any CPU
		{6D1FD497-F8D6-4C4F-B1D3-FA07C41F9CCC}.Debug|Any CPU.Build.0 = Debug|Any CPU
		{6D1FD497-F8D6-4C4F-B1D3-FA07C41F9CCC}.Release|Any CPU.ActiveCfg = Release|Any CPU
		{6D1FD497-F8D6-4C4F-B1D3-FA07C41F9CCC}.Release|Any CPU.Build.0 = Release|Any CPU
	EndGlobalSection
	GlobalSection(SolutionProperties) = preSolution
		HideSolutionNode = FALSE
	EndGlobalSection
	GlobalSection(ExtensibilityGlobals) = postSolution
		SolutionGuid = {9EB6DC84-D4E0-4243-AFB4-07F65F215918}
	EndGlobalSection
EndGlobal
